
Microsoft Visual Studio Solution File, Format Version 12.00
# Visual Studio Version 17
VisualStudioVersion = 17.0.31903.59
MinimumVisualStudioVersion = 10.0.40219.1
Project("{FAE04EC0-301F-11D3-BF4B-00C04F79EFBC}") = "ArchitectureStudio.Core", "ArchitectureStudio.Core\ArchitectureStudio.Core.csproj", "{614D0D5F-2E2B-4065-A3C6-0C505726D32A}"
EndProject
Project("{FAE04EC0-301F-11D3-BF4B-00C04F79EFBC}") = "ArchitectureStudio.Core.Tests", "ArchitectureStudio.Core.Tests\ArchitectureStudio.Core.Tests.csproj", "{33C0C099-9FB1-42A0-9DFA-8C8CA45BB559}"
EndProject
Project("{FAE04EC0-301F-11D3-BF4B-00C04F79EFBC}") = "ArchitectureStudio.Cli", "ArchitectureStudio.Cli\ArchitectureStudio.Cli.csproj", "{A98D665D-F554-4261-AA1B-4DE9ADB1D505}"
EndProject
Global
	GlobalSection(SolutionConfigurationPlatforms) = preSolution
		Debug|Any CPU = Debug|Any CPU
		Debug|x64 = Debug|x64
		Debug|x86 = Debug|x86
		Release|Any CPU = Release|Any CPU
		Release|x64 = Release|x64
		Release|x86 = Release|x86
	EndGlobalSection
	GlobalSection(ProjectConfigurationPlatforms) = postSolution
		{614D0D5F-2E2B-4065-A3C6-0C505726D32A}.Debug|Any CPU.ActiveCfg = Debug|Any CPU
		{614D0D5F-2E2B-4065-A3C6-0C505726D32A}.Debug|Any CPU.Build.0 = Debug|Any CPU
		{614D0D5F-2E2B-4065-A3C6-0C505726D32A}.Debug|x64.ActiveCfg = Debug|Any CPU
		{614D0D5F-2E2B-4065-A3C6-0C505726D32A}.Debug|x64.Build.0 = Debug|Any CPU
		{614D0D5F-2E2B-4065-A3C6-0C505726D32A}.Debug|x86.ActiveCfg = Debug|Any CPU
		{614D0D5F-2E2B-4065-A3C6-0C505726D32A}.Debug|x86.Build.0 = Debug|Any CPU
		{614D0D5F-2E2B-4065-A3C6-0C505726D32A}.Release|Any CPU.ActiveCfg = Release|Any CPU
		{614D0D5F-2E2B-4065-A3C6-0C505726D32A}.Release|Any CPU.Build.0 = Release|Any CPU
		{614D0D5F-2E2B-4065-A3C6-0C505726D32A}.Release|x64.ActiveCfg = Release|Any CPU
		{614D0D5F-2E2B-4065-A3C6-0C505726D32A}.Release|x64.Build.0 = Release|Any CPU
		{614D0D5F-2E2B-4065-A3C6-0C505726D32A}.Release|x86.ActiveCfg = Release|Any CPU
		{614D0D5F-2E2B-4065-A3C6-0C505726D32A}.Release|x86.Build.0 = Release|Any CPU
		{33C0C099-9FB1-42A0-9DFA-8C8CA45BB559}.Debug|Any CPU.ActiveCfg = Debug|Any CPU
		{33C0C099-9FB1-42A0-9DFA-8C8CA45BB559}.Debug|Any CPU.Build.0 = Debug|Any CPU
		{33C0C099-9FB1-42A0-9DFA-8C8CA45BB559}.Debug|x64.ActiveCfg = Debug|Any CPU
		{33C0C099-9FB1-42A0-9DFA-8C8CA45BB559}.Debug|x64.Build.0 = Debug|Any CPU
		{33C0C099-9FB1-42A0-9DFA-8C8CA45BB559}.Debug|x86.ActiveCfg = Debug|Any CPU
		{33C0C099-9FB1-42A0-9DFA-8C8CA45BB559}.Debug|x86.Build.0 = Debug|Any CPU
		{33C0C099-9FB1-42A0-9DFA-8C8CA45BB559}.Release|Any CPU.ActiveCfg = Release|Any CPU
		{33C0C099-9FB1-42A0-9DFA-8C8CA45BB559}.Release|Any CPU.Build.0 = Release|Any CPU
		{33C0C099-9FB1-42A0-9DFA-8C8CA45BB559}.Release|x64.ActiveCfg = Release|Any CPU
		{33C0C099-9FB1-42A0-9DFA-8C8CA45BB559}.Release|x64.Build.0 = Release|Any CPU
		{33C0C099-9FB1-42A0-9DFA-8C8CA45BB559}.Release|x86.ActiveCfg = Release|Any CPU
		{33C0C099-9FB1-42A0-9DFA-8C8CA45BB559}.Release|x86.Build.0 = Release|Any CPU
		{A98D665D-F554-4261-AA1B-4DE9ADB1D505}.Debug|Any CPU.ActiveCfg = Debug|Any CPU
		{A98D665D-F554-4261-AA1B-4DE9ADB1D505}.Debug|Any CPU.Build.0 = Debug|Any CPU
		{A98D665D-F554-4261-AA1B-4DE9ADB1D505}.Debug|x64.ActiveCfg = Debug|Any CPU
		{A98D665D-F554-4261-AA1B-4DE9ADB1D505}.Debug|x64.Build.0 = Debug|Any CPU
		{A98D665D-F554-4261-AA1B-4DE9ADB1D505}.Debug|x86.ActiveCfg = Debug|Any CPU
		{A98D665D-F554-4261-AA1B-4DE9ADB1D505}.Debug|x86.Build.0 = Debug|Any CPU
		{A98D665D-F554-4261-AA1B-4DE9ADB1D505}.Release|Any CPU.ActiveCfg = Release|Any CPU
		{A98D665D-F554-4261-AA1B-4DE9ADB1D505}.Release|Any CPU.Build.0 = Release|Any CPU
		{A98D665D-F554-4261-AA1B-4DE9ADB1D505}.Release|x64.ActiveCfg = Release|Any CPU
		{A98D665D-F554-4261-AA1B-4DE9ADB1D505}.Release|x64.Build.0 = Release|Any CPU
		{A98D665D-F554-4261-AA1B-4DE9ADB1D505}.Release|x86.ActiveCfg = Release|Any CPU
		{A98D665D-F554-4261-AA1B-4DE9ADB1D505}.Release|x86.Build.0 = Release|Any CPU
	EndGlobalSection
	GlobalSection(SolutionProperties) = preSolution
		HideSolutionNode = FALSE
	EndGlobalSection
EndGlobal
